
Microsoft Visual Studio Solution File, Format Version 12.00
# Visual Studio Version 17
VisualStudioVersion = 17.8.34408.163
MinimumVisualStudioVersion = 10.0.40219.1
Project("{FAE04EC0-301F-11D3-BF4B-00C04F79EFBC}") = "EventManager", "EventManager\EventManager.csproj", "{900BF289-4E53-4860-9CC0-011AA36F39F1}"
EndProject
Project("{FAE04EC0-301F-11D3-BF4B-00C04F79EFBC}") = "EventManager.Tests", "EventManager.Tests\EventManager.Tests.csproj", "{28DC2B80-62AA-4151-811A-3CB29C785ABD}"
EndProject
Global
	GlobalSection(SolutionConfigurationPlatforms) = preSolution
		Debug|Any CPU = Debug|Any CPU
		Release|Any CPU = Release|Any CPU
	EndGlobalSection
	GlobalSection(ProjectConfigurationPlatforms) = postSolution
		{900BF289-4E53-4860-9CC0-011AA36F39F1}.Debug|Any CPU.ActiveCfg = Debug|Any CPU
		{900BF289-4E53-4860-9CC0-011AA36F39F1}.Debug|Any CPU.Build.0 = Debug|Any CPU
		{900BF289-4E53-4860-9CC0-011AA36F39F1}.Release|Any CPU.ActiveCfg = Release|Any CPU
		{900BF289-4E53-4860-9CC0-011AA36F39F1}.Release|Any CPU.Build.0 = Release|Any CPU
		{28DC2B80-62AA-4151-811A-3CB29C785ABD}.Debug|Any CPU.ActiveCfg = Debug|Any CPU
		{28DC2B80-62AA-4151-811A-3CB29C785ABD}.Debug|Any CPU.Build.0 = Debug|Any CPU
		{28DC2B80-62AA-4151-811A-3CB29C785ABD}.Release|Any CPU.ActiveCfg = Release|Any CPU
		{28DC2B80-62AA-4151-811A-3CB29C785ABD}.Release|Any CPU.Build.0 = Release|Any CPU
	EndGlobalSection
	GlobalSection(SolutionProperties) = preSolution
		HideSolutionNode = FALSE
	EndGlobalSection
	GlobalSection(ExtensibilityGlobals) = postSolution
		SolutionGuid = {388281B6-63B7-4CB8-8092-FB8D25B881E4}
	EndGlobalSection
EndGlobal
